<?xml version="1.0" encoding="utf-8"?>
<Project ToolsVersion="4.0" xmlns="http://schemas.microsoft.com/developer/msbuild/2003">
  <ItemGroup>
    <Filter Include="source">
      <UniqueIdentifier>{f64b04e8-7880-4535-888b-9348842cdd8d}</UniqueIdentifier>
    </Filter>
  </ItemGroup>
  <ItemGroup>
    <ClCompile Include="..\source\UnitTests\Matrix44Tests.cpp">
      <Filter>source</Filter>
    </ClCompile>
    <ClCompile Include="..\source\UnitTests\MemoryRequesterTests.cpp">
      <Filter>source</Filter>
    </ClCompile>
    <ClCompile Include="..\source\UnitTests\QuaternionTests.cpp">
      <Filter>source</Filter>
    </ClCompile>
    <ClCompile Include="..\source\UnitTests\SIMDVectorTests.cpp">
      <Filter>source</Filter>
    </ClCompile>
    <ClCompile Include="..\source\UnitTests\UnitTestsMain.cpp">
      <Filter>source</Filter>
    </ClCompile>
    <ClCompile Include="..\source\UnitTests\Vector3Tests.cpp">
      <Filter>source</Filter>
    </ClCompile>
  </ItemGroup>
</Project>